{
  "name": "racha",
  "version": "1.0.0",
  "lockfileVersion": 2,
  "requires": true,
  "packages": {
    "": {
      "name": "racha",
      "version": "1.0.0",
      "license": "ISC",
      "dependencies": {
        "racha": "^1.0.0"
      }
    },
    "node_modules/racha": {
      "version": "1.0.0",
      "resolved": "https://registry.npmjs.org/racha/-/racha-1.0.0.tgz",
      "integrity": "sha512-kYelEsQlugAWwTzfvd5kaCxVPpvlwTSXBRcXfgA5e9w9bSDM4HBzuDKvwDZC8EG4iKA5+5IHkyGvrFnbNSZm4Q=="
    }
  },
  "dependencies": {
    "racha": {
      "version": "1.0.0",
      "resolved": "https://registry.npmjs.org/racha/-/racha-1.0.0.tgz",
      "integrity": "sha512-kYelEsQlugAWwTzfvd5kaCxVPpvlwTSXBRcXfgA5e9w9bSDM4HBzuDKvwDZC8EG4iKA5+5IHkyGvrFnbNSZm4Q=="
    }
  }
}
